{
  "requires": true,
  "lockfileVersion": 1,
  "dependencies": {
    "calcu-operaciones": {
      "version": "1.0.0",
      "resolved": "https://registry.npmjs.org/calcu-operaciones/-/calcu-operaciones-1.0.0.tgz",
      "integrity": "sha512-qi+vu1yuu+zcs9MUe/Lh7PeTrRMM7pZUDXQkWdDqICUTlR1MOcfx+xl3yoFMsItAcBET5ak9UVPeV+9BynCBpg=="
    }
  }
}
